
Microsoft Visual Studio Solution File, Format Version 12.00
# Visual Studio Version 17
VisualStudioVersion = 17.14.36414.22 d17.14
MinimumVisualStudioVersion = 10.0.40219.1
Project("{FAE04EC0-301F-11D3-BF4B-00C04F79EFBC}") = "LooptyLoops", "LooptyLoops\LooptyLoops.csproj", "{F29A40F1-30E5-48A4-9B4C-60E6E185C002}"
EndProject
Global
	GlobalSection(SolutionConfigurationPlatforms) = preSolution
		Debug|Any CPU = Debug|Any CPU
		Release|Any CPU = Release|Any CPU
	EndGlobalSection
	GlobalSection(ProjectConfigurationPlatforms) = postSolution
		{F29A40F1-30E5-48A4-9B4C-60E6E185C002}.Debug|Any CPU.ActiveCfg = Debug|Any CPU
		{F29A40F1-30E5-48A4-9B4C-60E6E185C002}.Debug|Any CPU.Build.0 = Debug|Any CPU
		{F29A40F1-30E5-48A4-9B4C-60E6E185C002}.Release|Any CPU.ActiveCfg = Release|Any CPU
		{F29A40F1-30E5-48A4-9B4C-60E6E185C002}.Release|Any CPU.Build.0 = Release|Any CPU
	EndGlobalSection
	GlobalSection(SolutionProperties) = preSolution
		HideSolutionNode = FALSE
	EndGlobalSection
	GlobalSection(ExtensibilityGlobals) = postSolution
		SolutionGuid = {DDF10176-86EB-4223-94D6-F3340EF70E04}
	EndGlobalSection
EndGlobal
