
Microsoft Visual Studio Solution File, Format Version 12.00
# Visual Studio Version 17
VisualStudioVersion = 17.14.36414.22 d17.14
MinimumVisualStudioVersion = 10.0.40219.1
Project("{FAE04EC0-301F-11D3-BF4B-00C04F79EFBC}") = "BingoGame", "BingoGame\BingoGame.csproj", "{5D8A766B-1A9A-4F8A-A8D4-ACBC2B03C41D}"
EndProject
Global
	GlobalSection(SolutionConfigurationPlatforms) = preSolution
		Debug|Any CPU = Debug|Any CPU
		Release|Any CPU = Release|Any CPU
	EndGlobalSection
	GlobalSection(ProjectConfigurationPlatforms) = postSolution
		{5D8A766B-1A9A-4F8A-A8D4-ACBC2B03C41D}.Debug|Any CPU.ActiveCfg = Debug|Any CPU
		{5D8A766B-1A9A-4F8A-A8D4-ACBC2B03C41D}.Debug|Any CPU.Build.0 = Debug|Any CPU
		{5D8A766B-1A9A-4F8A-A8D4-ACBC2B03C41D}.Release|Any CPU.ActiveCfg = Release|Any CPU
		{5D8A766B-1A9A-4F8A-A8D4-ACBC2B03C41D}.Release|Any CPU.Build.0 = Release|Any CPU
	EndGlobalSection
	GlobalSection(SolutionProperties) = preSolution
		HideSolutionNode = FALSE
	EndGlobalSection
	GlobalSection(ExtensibilityGlobals) = postSolution
		SolutionGuid = {D48C2387-9188-4C2E-A70F-C7E5DE88E63F}
	EndGlobalSection
EndGlobal
