
Microsoft Visual Studio Solution File, Format Version 12.00
# Visual Studio Version 17
VisualStudioVersion = 17.14.36414.22 d17.14
MinimumVisualStudioVersion = 10.0.40219.1
Project("{FAE04EC0-301F-11D3-BF4B-00C04F79EFBC}") = "ControlFlowExample", "ControlFlowExample\ControlFlowExample.csproj", "{A10C0204-DA09-4632-9D08-B55D939C4170}"
EndProject
Global
	GlobalSection(SolutionConfigurationPlatforms) = preSolution
		Debug|Any CPU = Debug|Any CPU
		Release|Any CPU = Release|Any CPU
	EndGlobalSection
	GlobalSection(ProjectConfigurationPlatforms) = postSolution
		{A10C0204-DA09-4632-9D08-B55D939C4170}.Debug|Any CPU.ActiveCfg = Debug|Any CPU
		{A10C0204-DA09-4632-9D08-B55D939C4170}.Debug|Any CPU.Build.0 = Debug|Any CPU
		{A10C0204-DA09-4632-9D08-B55D939C4170}.Release|Any CPU.ActiveCfg = Release|Any CPU
		{A10C0204-DA09-4632-9D08-B55D939C4170}.Release|Any CPU.Build.0 = Release|Any CPU
	EndGlobalSection
	GlobalSection(SolutionProperties) = preSolution
		HideSolutionNode = FALSE
	EndGlobalSection
	GlobalSection(ExtensibilityGlobals) = postSolution
		SolutionGuid = {D60DB324-C5C6-4C48-9252-12657BE4DE51}
	EndGlobalSection
EndGlobal
